
Microsoft Visual Studio Solution File, Format Version 12.00
# Visual Studio Version 17
VisualStudioVersion = 17.0.31903.59
MinimumVisualStudioVersion = 10.0.40219.1
Project("{2150E333-8FDC-42A3-9474-1A3956D46DE8}") = "aulas", "aulas", "{8E5FBC9E-DCE6-46A1-925B-6E5A5419FFC2}"
EndProject
Project("{FAE04EC0-301F-11D3-BF4B-00C04F79EFBC}") = "Aula24", "aulas\Aula24\Aula24.csproj", "{D3F58692-C12D-46D0-8A2D-73F4013FDAB7}"
EndProject
Global
	GlobalSection(SolutionConfigurationPlatforms) = preSolution
		Debug|Any CPU = Debug|Any CPU
		Release|Any CPU = Release|Any CPU
	EndGlobalSection
	GlobalSection(SolutionProperties) = preSolution
		HideSolutionNode = FALSE
	EndGlobalSection
	GlobalSection(ProjectConfigurationPlatforms) = postSolution
		{D3F58692-C12D-46D0-8A2D-73F4013FDAB7}.Debug|Any CPU.ActiveCfg = Debug|Any CPU
		{D3F58692-C12D-46D0-8A2D-73F4013FDAB7}.Debug|Any CPU.Build.0 = Debug|Any CPU
		{D3F58692-C12D-46D0-8A2D-73F4013FDAB7}.Release|Any CPU.ActiveCfg = Release|Any CPU
		{D3F58692-C12D-46D0-8A2D-73F4013FDAB7}.Release|Any CPU.Build.0 = Release|Any CPU
	EndGlobalSection
	GlobalSection(NestedProjects) = preSolution
		{D3F58692-C12D-46D0-8A2D-73F4013FDAB7} = {8E5FBC9E-DCE6-46A1-925B-6E5A5419FFC2}
	EndGlobalSection
EndGlobal
