Microsoft Visual Studio Solution File, Format Version 12.00
# Visual Studio Version 17
VisualStudioVersion = 17.5.2.0
MinimumVisualStudioVersion = 10.0.40219.1
Project("{FAE04EC0-301F-11D3-BF4B-00C04F79EFBC}") = "aula01", "aula01\aula01.csproj", "{472B6C34-3627-4E73-9374-7DB31D3D4354}"
EndProject
Project("{FAE04EC0-301F-11D3-BF4B-00C04F79EFBC}") = "aula02", "aula02\aula02.csproj", "{2B021C01-DFF2-2FEE-FA0A-4282742516CF}"
EndProject
Project("{FAE04EC0-301F-11D3-BF4B-00C04F79EFBC}") = "aula03", "aula03\aula03.csproj", "{E04F5496-3197-F998-01B9-636A2C3F9708}"
EndProject
Project("{FAE04EC0-301F-11D3-BF4B-00C04F79EFBC}") = "aula04", "aula04\aula04.csproj", "{A1011B8E-2287-97C8-E65B-25975AB13094}"
EndProject
Project("{FAE04EC0-301F-11D3-BF4B-00C04F79EFBC}") = "aula05", "aula05\aula05.csproj", "{7AA4DFD3-2130-0DD2-C8A3-51997AA80B48}"
EndProject
Project("{FAE04EC0-301F-11D3-BF4B-00C04F79EFBC}") = "aula06", "aula06\aula06.csproj", "{C3AF24F2-C349-CD91-7629-44534D0244D2}"
EndProject
Project("{FAE04EC0-301F-11D3-BF4B-00C04F79EFBC}") = "aula07", "aula07\aula07.csproj", "{F3271EE2-EFE6-93D0-A793-7FFC78665393}"
EndProject
Project("{FAE04EC0-301F-11D3-BF4B-00C04F79EFBC}") = "aula08", "aula08\aula08.csproj", "{4ADA2AC7-7C5C-356C-AE5D-C36C5C4E4C44}"
EndProject
Project("{FAE04EC0-301F-11D3-BF4B-00C04F79EFBC}") = "aula09", "aula09\aula09.csproj", "{685F3347-7811-1BBB-B972-FE1BC98198FE}"
EndProject
Project("{FAE04EC0-301F-11D3-BF4B-00C04F79EFBC}") = "aula10", "aula10\aula10.csproj", "{18DB9007-E775-ADB3-3055-D4A3F1B8AE62}"
EndProject
Project("{FAE04EC0-301F-11D3-BF4B-00C04F79EFBC}") = "aula11", "aula11\aula11.csproj", "{D220FBB4-8B4E-95F5-D16D-B93A4221BFA6}"
EndProject
Project("{FAE04EC0-301F-11D3-BF4B-00C04F79EFBC}") = "aula12", "aula12\aula12.csproj", "{E7E0C130-88DD-33F8-D00D-8C0EAB654902}"
EndProject
Project("{FAE04EC0-301F-11D3-BF4B-00C04F79EFBC}") = "Aula19", "Aula19\Aula19.csproj", "{5EA85211-B5DC-4DF4-95F4-4CE57F336071}"
EndProject
Project("{FAE04EC0-301F-11D3-BF4B-00C04F79EFBC}") = "Aula20", "Aula20\Aula20.csproj", "{FF5DB036-1C9C-441C-B54B-125B13424C37}"
EndProject
Project("{FAE04EC0-301F-11D3-BF4B-00C04F79EFBC}") = "Aula21", "Aula21\Aula21.csproj", "{C05BDCEA-BD16-42A0-A845-7F1632973326}"
EndProject
Project("{FAE04EC0-301F-11D3-BF4B-00C04F79EFBC}") = "Aula22", "Aula22\Aula22.csproj", "{88B8E866-4510-4037-AD96-28F85C15339A}"
EndProject
Project("{FAE04EC0-301F-11D3-BF4B-00C04F79EFBC}") = "Aula23", "Aula23\Aula23.csproj", "{AC7DC028-E954-40F5-8C31-5A9533897F56}"
EndProject
Global
	GlobalSection(SolutionConfigurationPlatforms) = preSolution
		Debug|Any CPU = Debug|Any CPU
		Release|Any CPU = Release|Any CPU
	EndGlobalSection
	GlobalSection(ProjectConfigurationPlatforms) = postSolution
		{472B6C34-3627-4E73-9374-7DB31D3D4354}.Debug|Any CPU.ActiveCfg = Debug|Any CPU
		{472B6C34-3627-4E73-9374-7DB31D3D4354}.Debug|Any CPU.Build.0 = Debug|Any CPU
		{472B6C34-3627-4E73-9374-7DB31D3D4354}.Release|Any CPU.ActiveCfg = Release|Any CPU
		{472B6C34-3627-4E73-9374-7DB31D3D4354}.Release|Any CPU.Build.0 = Release|Any CPU
		{2B021C01-DFF2-2FEE-FA0A-4282742516CF}.Debug|Any CPU.ActiveCfg = Debug|Any CPU
		{2B021C01-DFF2-2FEE-FA0A-4282742516CF}.Debug|Any CPU.Build.0 = Debug|Any CPU
		{2B021C01-DFF2-2FEE-FA0A-4282742516CF}.Release|Any CPU.ActiveCfg = Release|Any CPU
		{2B021C01-DFF2-2FEE-FA0A-4282742516CF}.Release|Any CPU.Build.0 = Release|Any CPU
		{E04F5496-3197-F998-01B9-636A2C3F9708}.Debug|Any CPU.ActiveCfg = Debug|Any CPU
		{E04F5496-3197-F998-01B9-636A2C3F9708}.Debug|Any CPU.Build.0 = Debug|Any CPU
		{E04F5496-3197-F998-01B9-636A2C3F9708}.Release|Any CPU.ActiveCfg = Release|Any CPU
		{E04F5496-3197-F998-01B9-636A2C3F9708}.Release|Any CPU.Build.0 = Release|Any CPU
		{A1011B8E-2287-97C8-E65B-25975AB13094}.Debug|Any CPU.ActiveCfg = Debug|Any CPU
		{A1011B8E-2287-97C8-E65B-25975AB13094}.Debug|Any CPU.Build.0 = Debug|Any CPU
		{A1011B8E-2287-97C8-E65B-25975AB13094}.Release|Any CPU.ActiveCfg = Release|Any CPU
		{A1011B8E-2287-97C8-E65B-25975AB13094}.Release|Any CPU.Build.0 = Release|Any CPU
		{7AA4DFD3-2130-0DD2-C8A3-51997AA80B48}.Debug|Any CPU.ActiveCfg = Debug|Any CPU
		{7AA4DFD3-2130-0DD2-C8A3-51997AA80B48}.Debug|Any CPU.Build.0 = Debug|Any CPU
		{7AA4DFD3-2130-0DD2-C8A3-51997AA80B48}.Release|Any CPU.ActiveCfg = Release|Any CPU
		{7AA4DFD3-2130-0DD2-C8A3-51997AA80B48}.Release|Any CPU.Build.0 = Release|Any CPU
		{C3AF24F2-C349-CD91-7629-44534D0244D2}.Debug|Any CPU.ActiveCfg = Debug|Any CPU
		{C3AF24F2-C349-CD91-7629-44534D0244D2}.Debug|Any CPU.Build.0 = Debug|Any CPU
		{C3AF24F2-C349-CD91-7629-44534D0244D2}.Release|Any CPU.ActiveCfg = Release|Any CPU
		{C3AF24F2-C349-CD91-7629-44534D0244D2}.Release|Any CPU.Build.0 = Release|Any CPU
		{F3271EE2-EFE6-93D0-A793-7FFC78665393}.Debug|Any CPU.ActiveCfg = Debug|Any CPU
		{F3271EE2-EFE6-93D0-A793-7FFC78665393}.Debug|Any CPU.Build.0 = Debug|Any CPU
		{F3271EE2-EFE6-93D0-A793-7FFC78665393}.Release|Any CPU.ActiveCfg = Release|Any CPU
		{F3271EE2-EFE6-93D0-A793-7FFC78665393}.Release|Any CPU.Build.0 = Release|Any CPU
		{4ADA2AC7-7C5C-356C-AE5D-C36C5C4E4C44}.Debug|Any CPU.ActiveCfg = Debug|Any CPU
		{4ADA2AC7-7C5C-356C-AE5D-C36C5C4E4C44}.Debug|Any CPU.Build.0 = Debug|Any CPU
		{4ADA2AC7-7C5C-356C-AE5D-C36C5C4E4C44}.Release|Any CPU.ActiveCfg = Release|Any CPU
		{4ADA2AC7-7C5C-356C-AE5D-C36C5C4E4C44}.Release|Any CPU.Build.0 = Release|Any CPU
		{685F3347-7811-1BBB-B972-FE1BC98198FE}.Debug|Any CPU.ActiveCfg = Debug|Any CPU
		{685F3347-7811-1BBB-B972-FE1BC98198FE}.Debug|Any CPU.Build.0 = Debug|Any CPU
		{685F3347-7811-1BBB-B972-FE1BC98198FE}.Release|Any CPU.ActiveCfg = Release|Any CPU
		{685F3347-7811-1BBB-B972-FE1BC98198FE}.Release|Any CPU.Build.0 = Release|Any CPU
		{18DB9007-E775-ADB3-3055-D4A3F1B8AE62}.Debug|Any CPU.ActiveCfg = Debug|Any CPU
		{18DB9007-E775-ADB3-3055-D4A3F1B8AE62}.Debug|Any CPU.Build.0 = Debug|Any CPU
		{18DB9007-E775-ADB3-3055-D4A3F1B8AE62}.Release|Any CPU.ActiveCfg = Release|Any CPU
		{18DB9007-E775-ADB3-3055-D4A3F1B8AE62}.Release|Any CPU.Build.0 = Release|Any CPU
		{D220FBB4-8B4E-95F5-D16D-B93A4221BFA6}.Debug|Any CPU.ActiveCfg = Debug|Any CPU
		{D220FBB4-8B4E-95F5-D16D-B93A4221BFA6}.Debug|Any CPU.Build.0 = Debug|Any CPU
		{D220FBB4-8B4E-95F5-D16D-B93A4221BFA6}.Release|Any CPU.ActiveCfg = Release|Any CPU
		{D220FBB4-8B4E-95F5-D16D-B93A4221BFA6}.Release|Any CPU.Build.0 = Release|Any CPU
		{E7E0C130-88DD-33F8-D00D-8C0EAB654902}.Debug|Any CPU.ActiveCfg = Debug|Any CPU
		{E7E0C130-88DD-33F8-D00D-8C0EAB654902}.Debug|Any CPU.Build.0 = Debug|Any CPU
		{E7E0C130-88DD-33F8-D00D-8C0EAB654902}.Release|Any CPU.ActiveCfg = Release|Any CPU
		{E7E0C130-88DD-33F8-D00D-8C0EAB654902}.Release|Any CPU.Build.0 = Release|Any CPU
		{5EA85211-B5DC-4DF4-95F4-4CE57F336071}.Debug|Any CPU.ActiveCfg = Debug|Any CPU
		{5EA85211-B5DC-4DF4-95F4-4CE57F336071}.Debug|Any CPU.Build.0 = Debug|Any CPU
		{5EA85211-B5DC-4DF4-95F4-4CE57F336071}.Release|Any CPU.ActiveCfg = Release|Any CPU
		{5EA85211-B5DC-4DF4-95F4-4CE57F336071}.Release|Any CPU.Build.0 = Release|Any CPU
		{FF5DB036-1C9C-441C-B54B-125B13424C37}.Debug|Any CPU.ActiveCfg = Debug|Any CPU
		{FF5DB036-1C9C-441C-B54B-125B13424C37}.Debug|Any CPU.Build.0 = Debug|Any CPU
		{FF5DB036-1C9C-441C-B54B-125B13424C37}.Release|Any CPU.ActiveCfg = Release|Any CPU
		{FF5DB036-1C9C-441C-B54B-125B13424C37}.Release|Any CPU.Build.0 = Release|Any CPU
		{C05BDCEA-BD16-42A0-A845-7F1632973326}.Debug|Any CPU.ActiveCfg = Debug|Any CPU
		{C05BDCEA-BD16-42A0-A845-7F1632973326}.Debug|Any CPU.Build.0 = Debug|Any CPU
		{C05BDCEA-BD16-42A0-A845-7F1632973326}.Release|Any CPU.ActiveCfg = Release|Any CPU
		{C05BDCEA-BD16-42A0-A845-7F1632973326}.Release|Any CPU.Build.0 = Release|Any CPU
		{88B8E866-4510-4037-AD96-28F85C15339A}.Debug|Any CPU.ActiveCfg = Debug|Any CPU
		{88B8E866-4510-4037-AD96-28F85C15339A}.Debug|Any CPU.Build.0 = Debug|Any CPU
		{88B8E866-4510-4037-AD96-28F85C15339A}.Release|Any CPU.ActiveCfg = Release|Any CPU
		{88B8E866-4510-4037-AD96-28F85C15339A}.Release|Any CPU.Build.0 = Release|Any CPU
		{AC7DC028-E954-40F5-8C31-5A9533897F56}.Debug|Any CPU.ActiveCfg = Debug|Any CPU
		{AC7DC028-E954-40F5-8C31-5A9533897F56}.Debug|Any CPU.Build.0 = Debug|Any CPU
		{AC7DC028-E954-40F5-8C31-5A9533897F56}.Release|Any CPU.ActiveCfg = Release|Any CPU
		{AC7DC028-E954-40F5-8C31-5A9533897F56}.Release|Any CPU.Build.0 = Release|Any CPU
	EndGlobalSection
	GlobalSection(SolutionProperties) = preSolution
		HideSolutionNode = FALSE
	EndGlobalSection
	GlobalSection(ExtensibilityGlobals) = postSolution
		SolutionGuid = {9487EAA1-EF52-4F58-B2FB-DD8DAC13F98B}
	EndGlobalSection
EndGlobal
